{
  "name": "htdocs",
  "lockfileVersion": 2,
  "requires": true,
  "packages": {
    "": {
      "dependencies": {
        "leaflet": "^1.9.4",
        "leaflet-contextmenu": "^1.4.0",
        "leaflet-fullscreen": "^1.0.2",
        "leaflet-markers-canvas": "^0.2.2",
        "leaflet-search": "^4.0.0",
        "opening_hours": "^3.8.0",
        "rbush": "^3.0.1"
      }
    },
    "node_modules/@babel/runtime": {
      "version": "7.23.5",
      "resolved": "https://registry.npmjs.org/@babel/runtime/-/runtime-7.23.5.tgz",
      "integrity": "sha512-NdUTHcPe4C99WxPub+K9l9tK5/lV4UXIoaHSYgzco9BCyjKAAwzdBI+wWtYqHt7LJdbo74ZjRPJgzVweq1sz0w==",
      "dependencies": {
        "regenerator-runtime": "^0.14.0"
      },
      "engines": {
        "node": ">=6.9.0"
      }
    },
    "node_modules/i18next": {
      "version": "21.10.0",
      "resolved": "https://registry.npmjs.org/i18next/-/i18next-21.10.0.tgz",
      "integrity": "sha512-YeuIBmFsGjUfO3qBmMOc0rQaun4mIpGKET5WDwvu8lU7gvwpcariZLNtL0Fzj+zazcHUrlXHiptcFhBMFaxzfg==",
      "funding": [
        {
          "type": "individual",
          "url": "https://locize.com"
        },
        {
          "type": "individual",
          "url": "https://locize.com/i18next.html"
        },
        {
          "type": "individual",
          "url": "https://www.i18next.com/how-to/faq#i18next-is-awesome.-how-can-i-support-the-project"
        }
      ],
      "dependencies": {
        "@babel/runtime": "^7.17.2"
      }
    },
    "node_modules/i18next-browser-languagedetector": {
      "version": "6.1.8",
      "resolved": "https://registry.npmjs.org/i18next-browser-languagedetector/-/i18next-browser-languagedetector-6.1.8.tgz",
      "integrity": "sha512-Svm+MduCElO0Meqpj1kJAriTC6OhI41VhlT/A0UPjGoPZBhAHIaGE5EfsHlTpgdH09UVX7rcc72pSDDBeKSQQA==",
      "dependencies": {
        "@babel/runtime": "^7.19.0"
      }
    },
    "node_modules/leaflet": {
      "version": "1.9.4",
      "resolved": "https://registry.npmjs.org/leaflet/-/leaflet-1.9.4.tgz",
      "integrity": "sha512-nxS1ynzJOmOlHp+iL3FyWqK89GtNL8U8rvlMOsQdTTssxZwCXh8N2NB3GDQOL+YR3XnWyZAxwQixURb+FA74PA=="
    },
    "node_modules/leaflet-contextmenu": {
      "version": "1.4.0",
      "resolved": "https://registry.npmjs.org/leaflet-contextmenu/-/leaflet-contextmenu-1.4.0.tgz",
      "integrity": "sha512-BXASCmJ5bLkuJGDCpWmvGqhZi5AzeOY0IbQalfkgBcMAMfAOFSvD4y0gIQxF/XzEyLkjXaRiUpibVj4+Cf3tUA=="
    },
    "node_modules/leaflet-fullscreen": {
      "version": "1.0.2",
      "resolved": "https://registry.npmjs.org/leaflet-fullscreen/-/leaflet-fullscreen-1.0.2.tgz",
      "integrity": "sha512-1Yxm8RZg6KlKX25+hbP2H/wnOAphH7hFcvuADJFb4QZTN7uOSN9Hsci5EZpow8vtNej9OGzu59Jxmn+0qKOO9Q=="
    },
    "node_modules/leaflet-markers-canvas": {
      "version": "0.2.2",
      "resolved": "https://registry.npmjs.org/leaflet-markers-canvas/-/leaflet-markers-canvas-0.2.2.tgz",
      "integrity": "sha512-UU/98qrmljhU6Xl3lrsUAUke4Qb/p8BCfmhiw7L1hHtkVMxdRYgwk7RwUW9QNoPbhnmuyxsc90whKjWVVP5cNw==",
      "peerDependencies": {
        "leaflet": "^1.7.1",
        "rbush": "^3.0.1"
      }
    },
    "node_modules/leaflet-search": {
      "version": "4.0.0",
      "resolved": "https://registry.npmjs.org/leaflet-search/-/leaflet-search-4.0.0.tgz",
      "integrity": "sha512-V+Y7DURVoy6Y9ZGywfyorDRMYDbLwpWPA0yec+g2aW+iNZySdwv936jDZJtRfYxvkPRMEb8jDjH+Zf3nSFTPEw==",
      "dependencies": {
        "leaflet": "*"
      }
    },
    "node_modules/opening_hours": {
      "version": "3.8.0",
      "resolved": "https://registry.npmjs.org/opening_hours/-/opening_hours-3.8.0.tgz",
      "integrity": "sha512-bRJroECQSe/itVcNmC3j9PPicxn/LBowdd1Hi+4Aa7hCswdt7w81WHfUwrEMbtk1BBYmGJEbSepl8oYYPviSuA==",
      "dependencies": {
        "i18next": "^21.8.3",
        "i18next-browser-languagedetector": "^6.1.4",
        "suncalc": "^1.9.0"
      },
      "engines": {
        "node": ">=10.0.0"
      }
    },
    "node_modules/quickselect": {
      "version": "2.0.0",
      "resolved": "https://registry.npmjs.org/quickselect/-/quickselect-2.0.0.tgz",
      "integrity": "sha512-RKJ22hX8mHe3Y6wH/N3wCM6BWtjaxIyyUIkpHOvfFnxdI4yD4tBXEBKSbriGujF6jnSVkJrffuo6vxACiSSxIw=="
    },
    "node_modules/rbush": {
      "version": "3.0.1",
      "resolved": "https://registry.npmjs.org/rbush/-/rbush-3.0.1.tgz",
      "integrity": "sha512-XRaVO0YecOpEuIvbhbpTrZgoiI6xBlz6hnlr6EHhd+0x9ase6EmeN+hdwwUaJvLcsFFQ8iWVF1GAK1yB0BWi0w==",
      "dependencies": {
        "quickselect": "^2.0.0"
      }
    },
    "node_modules/regenerator-runtime": {
      "version": "0.14.0",
      "resolved": "https://registry.npmjs.org/regenerator-runtime/-/regenerator-runtime-0.14.0.tgz",
      "integrity": "sha512-srw17NI0TUWHuGa5CFGGmhfNIeja30WMBfbslPNhf6JrqQlLN5gcrvig1oqPxiVaXb0oW0XRKtH6Nngs5lKCIA=="
    },
    "node_modules/suncalc": {
      "version": "1.9.0",
      "resolved": "https://registry.npmjs.org/suncalc/-/suncalc-1.9.0.tgz",
      "integrity": "sha512-vMJ8Byp1uIPoj+wb9c1AdK4jpkSKVAywgHX0lqY7zt6+EWRRC3Z+0Ucfjy/0yxTVO1hwwchZe4uoFNqrIC24+A=="
    }
  },
  "dependencies": {
    "@babel/runtime": {
      "version": "7.23.5",
      "resolved": "https://registry.npmjs.org/@babel/runtime/-/runtime-7.23.5.tgz",
      "integrity": "sha512-NdUTHcPe4C99WxPub+K9l9tK5/lV4UXIoaHSYgzco9BCyjKAAwzdBI+wWtYqHt7LJdbo74ZjRPJgzVweq1sz0w==",
      "requires": {
        "regenerator-runtime": "^0.14.0"
      }
    },
    "i18next": {
      "version": "21.10.0",
      "resolved": "https://registry.npmjs.org/i18next/-/i18next-21.10.0.tgz",
      "integrity": "sha512-YeuIBmFsGjUfO3qBmMOc0rQaun4mIpGKET5WDwvu8lU7gvwpcariZLNtL0Fzj+zazcHUrlXHiptcFhBMFaxzfg==",
      "requires": {
        "@babel/runtime": "^7.17.2"
      }
    },
    "i18next-browser-languagedetector": {
      "version": "6.1.8",
      "resolved": "https://registry.npmjs.org/i18next-browser-languagedetector/-/i18next-browser-languagedetector-6.1.8.tgz",
      "integrity": "sha512-Svm+MduCElO0Meqpj1kJAriTC6OhI41VhlT/A0UPjGoPZBhAHIaGE5EfsHlTpgdH09UVX7rcc72pSDDBeKSQQA==",
      "requires": {
        "@babel/runtime": "^7.19.0"
      }
    },
    "leaflet": {
      "version": "1.9.4",
      "resolved": "https://registry.npmjs.org/leaflet/-/leaflet-1.9.4.tgz",
      "integrity": "sha512-nxS1ynzJOmOlHp+iL3FyWqK89GtNL8U8rvlMOsQdTTssxZwCXh8N2NB3GDQOL+YR3XnWyZAxwQixURb+FA74PA=="
    },
    "leaflet-contextmenu": {
      "version": "1.4.0",
      "resolved": "https://registry.npmjs.org/leaflet-contextmenu/-/leaflet-contextmenu-1.4.0.tgz",
      "integrity": "sha512-BXASCmJ5bLkuJGDCpWmvGqhZi5AzeOY0IbQalfkgBcMAMfAOFSvD4y0gIQxF/XzEyLkjXaRiUpibVj4+Cf3tUA=="
    },
    "leaflet-fullscreen": {
      "version": "1.0.2",
      "resolved": "https://registry.npmjs.org/leaflet-fullscreen/-/leaflet-fullscreen-1.0.2.tgz",
      "integrity": "sha512-1Yxm8RZg6KlKX25+hbP2H/wnOAphH7hFcvuADJFb4QZTN7uOSN9Hsci5EZpow8vtNej9OGzu59Jxmn+0qKOO9Q=="
    },
    "leaflet-markers-canvas": {
      "version": "0.2.2",
      "resolved": "https://registry.npmjs.org/leaflet-markers-canvas/-/leaflet-markers-canvas-0.2.2.tgz",
      "integrity": "sha512-UU/98qrmljhU6Xl3lrsUAUke4Qb/p8BCfmhiw7L1hHtkVMxdRYgwk7RwUW9QNoPbhnmuyxsc90whKjWVVP5cNw==",
      "requires": {}
    },
    "leaflet-search": {
      "version": "4.0.0",
      "resolved": "https://registry.npmjs.org/leaflet-search/-/leaflet-search-4.0.0.tgz",
      "integrity": "sha512-V+Y7DURVoy6Y9ZGywfyorDRMYDbLwpWPA0yec+g2aW+iNZySdwv936jDZJtRfYxvkPRMEb8jDjH+Zf3nSFTPEw==",
      "requires": {
        "leaflet": "*"
      }
    },
    "opening_hours": {
      "version": "3.8.0",
      "resolved": "https://registry.npmjs.org/opening_hours/-/opening_hours-3.8.0.tgz",
      "integrity": "sha512-bRJroECQSe/itVcNmC3j9PPicxn/LBowdd1Hi+4Aa7hCswdt7w81WHfUwrEMbtk1BBYmGJEbSepl8oYYPviSuA==",
      "requires": {
        "i18next": "^21.8.3",
        "i18next-browser-languagedetector": "^6.1.4",
        "suncalc": "^1.9.0"
      }
    },
    "quickselect": {
      "version": "2.0.0",
      "resolved": "https://registry.npmjs.org/quickselect/-/quickselect-2.0.0.tgz",
      "integrity": "sha512-RKJ22hX8mHe3Y6wH/N3wCM6BWtjaxIyyUIkpHOvfFnxdI4yD4tBXEBKSbriGujF6jnSVkJrffuo6vxACiSSxIw=="
    },
    "rbush": {
      "version": "3.0.1",
      "resolved": "https://registry.npmjs.org/rbush/-/rbush-3.0.1.tgz",
      "integrity": "sha512-XRaVO0YecOpEuIvbhbpTrZgoiI6xBlz6hnlr6EHhd+0x9ase6EmeN+hdwwUaJvLcsFFQ8iWVF1GAK1yB0BWi0w==",
      "requires": {
        "quickselect": "^2.0.0"
      }
    },
    "regenerator-runtime": {
      "version": "0.14.0",
      "resolved": "https://registry.npmjs.org/regenerator-runtime/-/regenerator-runtime-0.14.0.tgz",
      "integrity": "sha512-srw17NI0TUWHuGa5CFGGmhfNIeja30WMBfbslPNhf6JrqQlLN5gcrvig1oqPxiVaXb0oW0XRKtH6Nngs5lKCIA=="
    },
    "suncalc": {
      "version": "1.9.0",
      "resolved": "https://registry.npmjs.org/suncalc/-/suncalc-1.9.0.tgz",
      "integrity": "sha512-vMJ8Byp1uIPoj+wb9c1AdK4jpkSKVAywgHX0lqY7zt6+EWRRC3Z+0Ucfjy/0yxTVO1hwwchZe4uoFNqrIC24+A=="
    }
  }
}
