{
  "name": "htdocs",
  "lockfileVersion": 2,
  "requires": true,
  "packages": {
    "": {
      "dependencies": {
        "baguettebox.js": "^1.11.1",
        "leaflet": "^1.9.4",
        "leaflet-contextmenu": "^1.4.0",
        "leaflet-fullscreen": "^1.0.2",
        "leaflet-markers-canvas": "^0.2.2",
        "leaflet-search": "^4.0.0",
        "rbush": "^3.0.1",
        "tom-select": "^2.3.1"
      }
    },
    "node_modules/@orchidjs/sifter": {
      "version": "1.0.3",
      "resolved": "https://registry.npmjs.org/@orchidjs/sifter/-/sifter-1.0.3.tgz",
      "integrity": "sha512-zCZbwKegHytfsPm8Amcfh7v/4vHqTAaOu6xFswBYcn8nznBOuseu6COB2ON7ez0tFV0mKL0nRNnCiZZA+lU9/g==",
      "dependencies": {
        "@orchidjs/unicode-variants": "^1.0.4"
      }
    },
    "node_modules/@orchidjs/unicode-variants": {
      "version": "1.0.4",
      "resolved": "https://registry.npmjs.org/@orchidjs/unicode-variants/-/unicode-variants-1.0.4.tgz",
      "integrity": "sha512-NvVBRnZNE+dugiXERFsET1JlKZfM5lJDEpSMilKW4bToYJ7pxf0Zne78xyXB2ny2c2aHfJ6WLnz1AaTNHAmQeQ=="
    },
    "node_modules/baguettebox.js": {
      "version": "1.11.1",
      "resolved": "https://registry.npmjs.org/baguettebox.js/-/baguettebox.js-1.11.1.tgz",
      "integrity": "sha512-0HnUVs+xaqwQOVbfi0kwZnZ1fJNWE5vJLCoCAtgQBtPmOJa1fhN8gubaBFOBGDkQy/vz6PWSr7B3WilhQKjyeQ=="
    },
    "node_modules/leaflet": {
      "version": "1.9.4",
      "resolved": "https://registry.npmjs.org/leaflet/-/leaflet-1.9.4.tgz",
      "integrity": "sha512-nxS1ynzJOmOlHp+iL3FyWqK89GtNL8U8rvlMOsQdTTssxZwCXh8N2NB3GDQOL+YR3XnWyZAxwQixURb+FA74PA=="
    },
    "node_modules/leaflet-contextmenu": {
      "version": "1.4.0",
      "resolved": "https://registry.npmjs.org/leaflet-contextmenu/-/leaflet-contextmenu-1.4.0.tgz",
      "integrity": "sha512-BXASCmJ5bLkuJGDCpWmvGqhZi5AzeOY0IbQalfkgBcMAMfAOFSvD4y0gIQxF/XzEyLkjXaRiUpibVj4+Cf3tUA=="
    },
    "node_modules/leaflet-fullscreen": {
      "version": "1.0.2",
      "resolved": "https://registry.npmjs.org/leaflet-fullscreen/-/leaflet-fullscreen-1.0.2.tgz",
      "integrity": "sha512-1Yxm8RZg6KlKX25+hbP2H/wnOAphH7hFcvuADJFb4QZTN7uOSN9Hsci5EZpow8vtNej9OGzu59Jxmn+0qKOO9Q=="
    },
    "node_modules/leaflet-markers-canvas": {
      "version": "0.2.2",
      "resolved": "https://registry.npmjs.org/leaflet-markers-canvas/-/leaflet-markers-canvas-0.2.2.tgz",
      "integrity": "sha512-UU/98qrmljhU6Xl3lrsUAUke4Qb/p8BCfmhiw7L1hHtkVMxdRYgwk7RwUW9QNoPbhnmuyxsc90whKjWVVP5cNw==",
      "peerDependencies": {
        "leaflet": "^1.7.1",
        "rbush": "^3.0.1"
      }
    },
    "node_modules/leaflet-search": {
      "version": "4.0.0",
      "resolved": "https://registry.npmjs.org/leaflet-search/-/leaflet-search-4.0.0.tgz",
      "integrity": "sha512-V+Y7DURVoy6Y9ZGywfyorDRMYDbLwpWPA0yec+g2aW+iNZySdwv936jDZJtRfYxvkPRMEb8jDjH+Zf3nSFTPEw==",
      "dependencies": {
        "leaflet": "*"
      }
    },
    "node_modules/quickselect": {
      "version": "2.0.0",
      "resolved": "https://registry.npmjs.org/quickselect/-/quickselect-2.0.0.tgz",
      "integrity": "sha512-RKJ22hX8mHe3Y6wH/N3wCM6BWtjaxIyyUIkpHOvfFnxdI4yD4tBXEBKSbriGujF6jnSVkJrffuo6vxACiSSxIw=="
    },
    "node_modules/rbush": {
      "version": "3.0.1",
      "resolved": "https://registry.npmjs.org/rbush/-/rbush-3.0.1.tgz",
      "integrity": "sha512-XRaVO0YecOpEuIvbhbpTrZgoiI6xBlz6hnlr6EHhd+0x9ase6EmeN+hdwwUaJvLcsFFQ8iWVF1GAK1yB0BWi0w==",
      "dependencies": {
        "quickselect": "^2.0.0"
      }
    },
    "node_modules/tom-select": {
      "version": "2.3.1",
      "resolved": "https://registry.npmjs.org/tom-select/-/tom-select-2.3.1.tgz",
      "integrity": "sha512-QS4vnOcB6StNGqX4sGboGXL2fkhBF2gIBB+8Hwv30FZXYPn0CyYO8kkdATRvwfCTThxiR4WcXwKJZ3cOmtI9eg==",
      "dependencies": {
        "@orchidjs/sifter": "^1.0.3",
        "@orchidjs/unicode-variants": "^1.0.4"
      },
      "engines": {
        "node": "*"
      },
      "funding": {
        "type": "opencollective",
        "url": "https://opencollective.com/tom-select"
      }
    }
  },
  "dependencies": {
    "@orchidjs/sifter": {
      "version": "1.0.3",
      "resolved": "https://registry.npmjs.org/@orchidjs/sifter/-/sifter-1.0.3.tgz",
      "integrity": "sha512-zCZbwKegHytfsPm8Amcfh7v/4vHqTAaOu6xFswBYcn8nznBOuseu6COB2ON7ez0tFV0mKL0nRNnCiZZA+lU9/g==",
      "requires": {
        "@orchidjs/unicode-variants": "^1.0.4"
      }
    },
    "@orchidjs/unicode-variants": {
      "version": "1.0.4",
      "resolved": "https://registry.npmjs.org/@orchidjs/unicode-variants/-/unicode-variants-1.0.4.tgz",
      "integrity": "sha512-NvVBRnZNE+dugiXERFsET1JlKZfM5lJDEpSMilKW4bToYJ7pxf0Zne78xyXB2ny2c2aHfJ6WLnz1AaTNHAmQeQ=="
    },
    "baguettebox.js": {
      "version": "1.11.1",
      "resolved": "https://registry.npmjs.org/baguettebox.js/-/baguettebox.js-1.11.1.tgz",
      "integrity": "sha512-0HnUVs+xaqwQOVbfi0kwZnZ1fJNWE5vJLCoCAtgQBtPmOJa1fhN8gubaBFOBGDkQy/vz6PWSr7B3WilhQKjyeQ=="
    },
    "leaflet": {
      "version": "1.9.4",
      "resolved": "https://registry.npmjs.org/leaflet/-/leaflet-1.9.4.tgz",
      "integrity": "sha512-nxS1ynzJOmOlHp+iL3FyWqK89GtNL8U8rvlMOsQdTTssxZwCXh8N2NB3GDQOL+YR3XnWyZAxwQixURb+FA74PA=="
    },
    "leaflet-contextmenu": {
      "version": "1.4.0",
      "resolved": "https://registry.npmjs.org/leaflet-contextmenu/-/leaflet-contextmenu-1.4.0.tgz",
      "integrity": "sha512-BXASCmJ5bLkuJGDCpWmvGqhZi5AzeOY0IbQalfkgBcMAMfAOFSvD4y0gIQxF/XzEyLkjXaRiUpibVj4+Cf3tUA=="
    },
    "leaflet-fullscreen": {
      "version": "1.0.2",
      "resolved": "https://registry.npmjs.org/leaflet-fullscreen/-/leaflet-fullscreen-1.0.2.tgz",
      "integrity": "sha512-1Yxm8RZg6KlKX25+hbP2H/wnOAphH7hFcvuADJFb4QZTN7uOSN9Hsci5EZpow8vtNej9OGzu59Jxmn+0qKOO9Q=="
    },
    "leaflet-markers-canvas": {
      "version": "0.2.2",
      "resolved": "https://registry.npmjs.org/leaflet-markers-canvas/-/leaflet-markers-canvas-0.2.2.tgz",
      "integrity": "sha512-UU/98qrmljhU6Xl3lrsUAUke4Qb/p8BCfmhiw7L1hHtkVMxdRYgwk7RwUW9QNoPbhnmuyxsc90whKjWVVP5cNw==",
      "requires": {}
    },
    "leaflet-search": {
      "version": "4.0.0",
      "resolved": "https://registry.npmjs.org/leaflet-search/-/leaflet-search-4.0.0.tgz",
      "integrity": "sha512-V+Y7DURVoy6Y9ZGywfyorDRMYDbLwpWPA0yec+g2aW+iNZySdwv936jDZJtRfYxvkPRMEb8jDjH+Zf3nSFTPEw==",
      "requires": {
        "leaflet": "*"
      }
    },
    "quickselect": {
      "version": "2.0.0",
      "resolved": "https://registry.npmjs.org/quickselect/-/quickselect-2.0.0.tgz",
      "integrity": "sha512-RKJ22hX8mHe3Y6wH/N3wCM6BWtjaxIyyUIkpHOvfFnxdI4yD4tBXEBKSbriGujF6jnSVkJrffuo6vxACiSSxIw=="
    },
    "rbush": {
      "version": "3.0.1",
      "resolved": "https://registry.npmjs.org/rbush/-/rbush-3.0.1.tgz",
      "integrity": "sha512-XRaVO0YecOpEuIvbhbpTrZgoiI6xBlz6hnlr6EHhd+0x9ase6EmeN+hdwwUaJvLcsFFQ8iWVF1GAK1yB0BWi0w==",
      "requires": {
        "quickselect": "^2.0.0"
      }
    },
    "tom-select": {
      "version": "2.3.1",
      "resolved": "https://registry.npmjs.org/tom-select/-/tom-select-2.3.1.tgz",
      "integrity": "sha512-QS4vnOcB6StNGqX4sGboGXL2fkhBF2gIBB+8Hwv30FZXYPn0CyYO8kkdATRvwfCTThxiR4WcXwKJZ3cOmtI9eg==",
      "requires": {
        "@orchidjs/sifter": "^1.0.3",
        "@orchidjs/unicode-variants": "^1.0.4"
      }
    }
  }
}
