# THIS IS AN AUTOGENERATED FILE. DO NOT EDIT THIS FILE DIRECTLY.
# yarn lockfile v1


"@orchidjs/sifter@^1.0.3":
  version "1.0.3"
  resolved "https://registry.yarnpkg.com/@orchidjs/sifter/-/sifter-1.0.3.tgz#43f42519472282eb632d0a1589184f044d64129b"
  integrity sha512-zCZbwKegHytfsPm8Amcfh7v/4vHqTAaOu6xFswBYcn8nznBOuseu6COB2ON7ez0tFV0mKL0nRNnCiZZA+lU9/g==
  dependencies:
    "@orchidjs/unicode-variants" "^1.0.4"

"@orchidjs/unicode-variants@^1.0.4":
  version "1.0.4"
  resolved "https://registry.yarnpkg.com/@orchidjs/unicode-variants/-/unicode-variants-1.0.4.tgz#6d2f812e3b19545bba2d81caffff1204de9a6a58"
  integrity sha512-NvVBRnZNE+dugiXERFsET1JlKZfM5lJDEpSMilKW4bToYJ7pxf0Zne78xyXB2ny2c2aHfJ6WLnz1AaTNHAmQeQ==

baguettebox.js@^1.11.1:
  version "1.11.1"
  resolved "https://registry.yarnpkg.com/baguettebox.js/-/baguettebox.js-1.11.1.tgz#0a7f586e9e9bbfd3df1022a280fdcfcac6797fb7"
  integrity sha512-0HnUVs+xaqwQOVbfi0kwZnZ1fJNWE5vJLCoCAtgQBtPmOJa1fhN8gubaBFOBGDkQy/vz6PWSr7B3WilhQKjyeQ==

leaflet-contextmenu@^1.4.0:
  version "1.4.0"
  resolved "https://registry.yarnpkg.com/leaflet-contextmenu/-/leaflet-contextmenu-1.4.0.tgz#e2bda481af1026080eabaa32997e531fd44f605c"
  integrity sha512-BXASCmJ5bLkuJGDCpWmvGqhZi5AzeOY0IbQalfkgBcMAMfAOFSvD4y0gIQxF/XzEyLkjXaRiUpibVj4+Cf3tUA==

leaflet-fullscreen@^1.0.2:
  version "1.0.2"
  resolved "https://registry.yarnpkg.com/leaflet-fullscreen/-/leaflet-fullscreen-1.0.2.tgz#09c61c4bac45f63b2ee126afd87e5cd97650fc1b"
  integrity sha512-1Yxm8RZg6KlKX25+hbP2H/wnOAphH7hFcvuADJFb4QZTN7uOSN9Hsci5EZpow8vtNej9OGzu59Jxmn+0qKOO9Q==

leaflet-markers-canvas@^0.2.2:
  version "0.2.2"
  resolved "https://registry.yarnpkg.com/leaflet-markers-canvas/-/leaflet-markers-canvas-0.2.2.tgz#fde165d4531c326d9120494aea52b0e753cc48fd"
  integrity sha512-UU/98qrmljhU6Xl3lrsUAUke4Qb/p8BCfmhiw7L1hHtkVMxdRYgwk7RwUW9QNoPbhnmuyxsc90whKjWVVP5cNw==

leaflet-search@^4.0.0:
  version "4.0.0"
  resolved "https://registry.yarnpkg.com/leaflet-search/-/leaflet-search-4.0.0.tgz#7265ab813ea915213027f30729a736cb4234402a"
  integrity sha512-V+Y7DURVoy6Y9ZGywfyorDRMYDbLwpWPA0yec+g2aW+iNZySdwv936jDZJtRfYxvkPRMEb8jDjH+Zf3nSFTPEw==
  dependencies:
    leaflet "*"

leaflet@*, leaflet@^1.9.4:
  version "1.9.4"
  resolved "https://registry.yarnpkg.com/leaflet/-/leaflet-1.9.4.tgz#23fae724e282fa25745aff82ca4d394748db7d8d"
  integrity sha512-nxS1ynzJOmOlHp+iL3FyWqK89GtNL8U8rvlMOsQdTTssxZwCXh8N2NB3GDQOL+YR3XnWyZAxwQixURb+FA74PA==

quickselect@^2.0.0:
  version "2.0.0"
  resolved "https://registry.yarnpkg.com/quickselect/-/quickselect-2.0.0.tgz#f19680a486a5eefb581303e023e98faaf25dd018"
  integrity sha512-RKJ22hX8mHe3Y6wH/N3wCM6BWtjaxIyyUIkpHOvfFnxdI4yD4tBXEBKSbriGujF6jnSVkJrffuo6vxACiSSxIw==

rbush@^3.0.1:
  version "3.0.1"
  resolved "https://registry.yarnpkg.com/rbush/-/rbush-3.0.1.tgz#5fafa8a79b3b9afdfe5008403a720cc1de882ecf"
  integrity sha512-XRaVO0YecOpEuIvbhbpTrZgoiI6xBlz6hnlr6EHhd+0x9ase6EmeN+hdwwUaJvLcsFFQ8iWVF1GAK1yB0BWi0w==
  dependencies:
    quickselect "^2.0.0"

tom-select@^2.3.1:
  version "2.3.1"
  resolved "https://registry.yarnpkg.com/tom-select/-/tom-select-2.3.1.tgz#df338d9082874cd0bceb3bee87ed0184447c47f1"
  integrity sha512-QS4vnOcB6StNGqX4sGboGXL2fkhBF2gIBB+8Hwv30FZXYPn0CyYO8kkdATRvwfCTThxiR4WcXwKJZ3cOmtI9eg==
  dependencies:
    "@orchidjs/sifter" "^1.0.3"
    "@orchidjs/unicode-variants" "^1.0.4"
